
Microsoft Visual Studio Solution File, Format Version 12.00
# Visual Studio Version 17
VisualStudioVersion = 17.8.34219.65
MinimumVisualStudioVersion = 10.0.40219.1
Project("{FAE04EC0-301F-11D3-BF4B-00C04F79EFBC}") = "API.Lazospetshop", "API.Lazospetshop\API.Lazospetshop.csproj", "{4CA19F75-DA8E-4694-A545-3DF07E8FE7D8}"
EndProject
Global
	GlobalSection(SolutionConfigurationPlatforms) = preSolution
		Debug|Any CPU = Debug|Any CPU
		Release|Any CPU = Release|Any CPU
	EndGlobalSection
	GlobalSection(ProjectConfigurationPlatforms) = postSolution
		{4CA19F75-DA8E-4694-A545-3DF07E8FE7D8}.Debug|Any CPU.ActiveCfg = Debug|Any CPU
		{4CA19F75-DA8E-4694-A545-3DF07E8FE7D8}.Debug|Any CPU.Build.0 = Debug|Any CPU
		{4CA19F75-DA8E-4694-A545-3DF07E8FE7D8}.Release|Any CPU.ActiveCfg = Release|Any CPU
		{4CA19F75-DA8E-4694-A545-3DF07E8FE7D8}.Release|Any CPU.Build.0 = Release|Any CPU
	EndGlobalSection
	GlobalSection(SolutionProperties) = preSolution
		HideSolutionNode = FALSE
	EndGlobalSection
	GlobalSection(ExtensibilityGlobals) = postSolution
		SolutionGuid = {92CE268E-7D13-412B-898B-0BF7BB749639}
	EndGlobalSection
EndGlobal
